
Microsoft Visual Studio Solution File, Format Version 12.00
# Visual Studio Version 17
VisualStudioVersion = 17.11.35222.181
MinimumVisualStudioVersion = 10.0.40219.1
Project("{FAE04EC0-301F-11D3-BF4B-00C04F79EFBC}") = "Proc_Obracene_slovo", "Proc_Obracene_slovo\Proc_Obracene_slovo.csproj", "{FE4BEF2F-97F3-48A4-9BD9-C9B4797EF01C}"
EndProject
Global
	GlobalSection(SolutionConfigurationPlatforms) = preSolution
		Debug|Any CPU = Debug|Any CPU
		Release|Any CPU = Release|Any CPU
	EndGlobalSection
	GlobalSection(ProjectConfigurationPlatforms) = postSolution
		{FE4BEF2F-97F3-48A4-9BD9-C9B4797EF01C}.Debug|Any CPU.ActiveCfg = Debug|Any CPU
		{FE4BEF2F-97F3-48A4-9BD9-C9B4797EF01C}.Debug|Any CPU.Build.0 = Debug|Any CPU
		{FE4BEF2F-97F3-48A4-9BD9-C9B4797EF01C}.Release|Any CPU.ActiveCfg = Release|Any CPU
		{FE4BEF2F-97F3-48A4-9BD9-C9B4797EF01C}.Release|Any CPU.Build.0 = Release|Any CPU
	EndGlobalSection
	GlobalSection(SolutionProperties) = preSolution
		HideSolutionNode = FALSE
	EndGlobalSection
	GlobalSection(ExtensibilityGlobals) = postSolution
		SolutionGuid = {F1270B9F-0C9D-4752-B90A-DB61853836BA}
	EndGlobalSection
EndGlobal
