
Microsoft Visual Studio Solution File, Format Version 12.00
# Visual Studio Version 17
VisualStudioVersion = 17.11.35222.181
MinimumVisualStudioVersion = 10.0.40219.1
Project("{FAE04EC0-301F-11D3-BF4B-00C04F79EFBC}") = "json_uvod", "json_uvod\json_uvod.csproj", "{899DE8CE-169E-49A6-B385-150678BE96DE}"
EndProject
Global
	GlobalSection(SolutionConfigurationPlatforms) = preSolution
		Debug|Any CPU = Debug|Any CPU
		Release|Any CPU = Release|Any CPU
	EndGlobalSection
	GlobalSection(ProjectConfigurationPlatforms) = postSolution
		{899DE8CE-169E-49A6-B385-150678BE96DE}.Debug|Any CPU.ActiveCfg = Debug|Any CPU
		{899DE8CE-169E-49A6-B385-150678BE96DE}.Debug|Any CPU.Build.0 = Debug|Any CPU
		{899DE8CE-169E-49A6-B385-150678BE96DE}.Release|Any CPU.ActiveCfg = Release|Any CPU
		{899DE8CE-169E-49A6-B385-150678BE96DE}.Release|Any CPU.Build.0 = Release|Any CPU
	EndGlobalSection
	GlobalSection(SolutionProperties) = preSolution
		HideSolutionNode = FALSE
	EndGlobalSection
	GlobalSection(ExtensibilityGlobals) = postSolution
		SolutionGuid = {AF05DCFD-ABC5-4A7F-9842-70328F6B9BC0}
	EndGlobalSection
EndGlobal
