
Microsoft Visual Studio Solution File, Format Version 12.00
# Visual Studio Version 17
VisualStudioVersion = 17.11.35222.181
MinimumVisualStudioVersion = 10.0.40219.1
Project("{FAE04EC0-301F-11D3-BF4B-00C04F79EFBC}") = "Proc_TranspozicePole", "Proc_TranspozicePole\Proc_TranspozicePole.csproj", "{7AB0C6B4-57D1-43A8-BD47-D7775E7216D5}"
EndProject
Global
	GlobalSection(SolutionConfigurationPlatforms) = preSolution
		Debug|Any CPU = Debug|Any CPU
		Release|Any CPU = Release|Any CPU
	EndGlobalSection
	GlobalSection(ProjectConfigurationPlatforms) = postSolution
		{7AB0C6B4-57D1-43A8-BD47-D7775E7216D5}.Debug|Any CPU.ActiveCfg = Debug|Any CPU
		{7AB0C6B4-57D1-43A8-BD47-D7775E7216D5}.Debug|Any CPU.Build.0 = Debug|Any CPU
		{7AB0C6B4-57D1-43A8-BD47-D7775E7216D5}.Release|Any CPU.ActiveCfg = Release|Any CPU
		{7AB0C6B4-57D1-43A8-BD47-D7775E7216D5}.Release|Any CPU.Build.0 = Release|Any CPU
	EndGlobalSection
	GlobalSection(SolutionProperties) = preSolution
		HideSolutionNode = FALSE
	EndGlobalSection
	GlobalSection(ExtensibilityGlobals) = postSolution
		SolutionGuid = {F24DBC34-DE1F-4E4A-AC07-0E30BB07ADDE}
	EndGlobalSection
EndGlobal
