
Microsoft Visual Studio Solution File, Format Version 12.00
# Visual Studio Version 17
VisualStudioVersion = 17.11.35222.181
MinimumVisualStudioVersion = 10.0.40219.1
Project("{FAE04EC0-301F-11D3-BF4B-00C04F79EFBC}") = "Soubor_Uvod", "Soubor_Uvod\Soubor_Uvod.csproj", "{AED1894D-757C-4236-8391-487E778C6478}"
EndProject
Global
	GlobalSection(SolutionConfigurationPlatforms) = preSolution
		Debug|Any CPU = Debug|Any CPU
		Release|Any CPU = Release|Any CPU
	EndGlobalSection
	GlobalSection(ProjectConfigurationPlatforms) = postSolution
		{AED1894D-757C-4236-8391-487E778C6478}.Debug|Any CPU.ActiveCfg = Debug|Any CPU
		{AED1894D-757C-4236-8391-487E778C6478}.Debug|Any CPU.Build.0 = Debug|Any CPU
		{AED1894D-757C-4236-8391-487E778C6478}.Release|Any CPU.ActiveCfg = Release|Any CPU
		{AED1894D-757C-4236-8391-487E778C6478}.Release|Any CPU.Build.0 = Release|Any CPU
	EndGlobalSection
	GlobalSection(SolutionProperties) = preSolution
		HideSolutionNode = FALSE
	EndGlobalSection
	GlobalSection(ExtensibilityGlobals) = postSolution
		SolutionGuid = {3EFF5CDE-EB45-4347-AFD4-94A6162FE2E4}
	EndGlobalSection
EndGlobal
