
Microsoft Visual Studio Solution File, Format Version 12.00
# Visual Studio Version 17
VisualStudioVersion = 17.11.35222.181
MinimumVisualStudioVersion = 10.0.40219.1
Project("{FAE04EC0-301F-11D3-BF4B-00C04F79EFBC}") = "Cteni_Zapis_Soubor", "Cteni_Zapis_Soubor\Cteni_Zapis_Soubor.csproj", "{7327AD83-BFEB-4CBB-8057-2AD3707365DB}"
EndProject
Global
	GlobalSection(SolutionConfigurationPlatforms) = preSolution
		Debug|Any CPU = Debug|Any CPU
		Release|Any CPU = Release|Any CPU
	EndGlobalSection
	GlobalSection(ProjectConfigurationPlatforms) = postSolution
		{7327AD83-BFEB-4CBB-8057-2AD3707365DB}.Debug|Any CPU.ActiveCfg = Debug|Any CPU
		{7327AD83-BFEB-4CBB-8057-2AD3707365DB}.Debug|Any CPU.Build.0 = Debug|Any CPU
		{7327AD83-BFEB-4CBB-8057-2AD3707365DB}.Release|Any CPU.ActiveCfg = Release|Any CPU
		{7327AD83-BFEB-4CBB-8057-2AD3707365DB}.Release|Any CPU.Build.0 = Release|Any CPU
	EndGlobalSection
	GlobalSection(SolutionProperties) = preSolution
		HideSolutionNode = FALSE
	EndGlobalSection
	GlobalSection(ExtensibilityGlobals) = postSolution
		SolutionGuid = {F2387DD1-E862-4392-9B74-0C6ABF452E7D}
	EndGlobalSection
EndGlobal
