
Microsoft Visual Studio Solution File, Format Version 12.00
# Visual Studio Version 17
VisualStudioVersion = 17.11.35222.181
MinimumVisualStudioVersion = 10.0.40219.1
Project("{FAE04EC0-301F-11D3-BF4B-00C04F79EFBC}") = "Proc_Znamkovac", "Proc_Znamkovac\Proc_Znamkovac.csproj", "{308D2A85-0B65-4F40-9997-881966CFFF30}"
EndProject
Global
	GlobalSection(SolutionConfigurationPlatforms) = preSolution
		Debug|Any CPU = Debug|Any CPU
		Release|Any CPU = Release|Any CPU
	EndGlobalSection
	GlobalSection(ProjectConfigurationPlatforms) = postSolution
		{308D2A85-0B65-4F40-9997-881966CFFF30}.Debug|Any CPU.ActiveCfg = Debug|Any CPU
		{308D2A85-0B65-4F40-9997-881966CFFF30}.Debug|Any CPU.Build.0 = Debug|Any CPU
		{308D2A85-0B65-4F40-9997-881966CFFF30}.Release|Any CPU.ActiveCfg = Release|Any CPU
		{308D2A85-0B65-4F40-9997-881966CFFF30}.Release|Any CPU.Build.0 = Release|Any CPU
	EndGlobalSection
	GlobalSection(SolutionProperties) = preSolution
		HideSolutionNode = FALSE
	EndGlobalSection
	GlobalSection(ExtensibilityGlobals) = postSolution
		SolutionGuid = {AD068C4C-F738-49E1-A61B-A65E562269C8}
	EndGlobalSection
EndGlobal
