
Microsoft Visual Studio Solution File, Format Version 12.00
# Visual Studio Version 17
VisualStudioVersion = 17.11.35222.181
MinimumVisualStudioVersion = 10.0.40219.1
Project("{FAE04EC0-301F-11D3-BF4B-00C04F79EFBC}") = "Uvod", "Uvod\Uvod.csproj", "{88DD7F5F-E6F9-487D-83E0-7A46CC0DA641}"
EndProject
Global
	GlobalSection(SolutionConfigurationPlatforms) = preSolution
		Debug|Any CPU = Debug|Any CPU
		Release|Any CPU = Release|Any CPU
	EndGlobalSection
	GlobalSection(ProjectConfigurationPlatforms) = postSolution
		{88DD7F5F-E6F9-487D-83E0-7A46CC0DA641}.Debug|Any CPU.ActiveCfg = Debug|Any CPU
		{88DD7F5F-E6F9-487D-83E0-7A46CC0DA641}.Debug|Any CPU.Build.0 = Debug|Any CPU
		{88DD7F5F-E6F9-487D-83E0-7A46CC0DA641}.Release|Any CPU.ActiveCfg = Release|Any CPU
		{88DD7F5F-E6F9-487D-83E0-7A46CC0DA641}.Release|Any CPU.Build.0 = Release|Any CPU
	EndGlobalSection
	GlobalSection(SolutionProperties) = preSolution
		HideSolutionNode = FALSE
	EndGlobalSection
	GlobalSection(ExtensibilityGlobals) = postSolution
		SolutionGuid = {2E063A62-3439-4F28-AE7D-7E4A525099A9}
	EndGlobalSection
EndGlobal
