
Microsoft Visual Studio Solution File, Format Version 12.00
# Visual Studio Version 17
VisualStudioVersion = 17.11.35222.181
MinimumVisualStudioVersion = 10.0.40219.1
Project("{FAE04EC0-301F-11D3-BF4B-00C04F79EFBC}") = "Proc_PodLimitem", "Proc_PodLimitem\Proc_PodLimitem.csproj", "{B543FF18-1B85-4E6A-8F0B-0325380D4812}"
EndProject
Global
	GlobalSection(SolutionConfigurationPlatforms) = preSolution
		Debug|Any CPU = Debug|Any CPU
		Release|Any CPU = Release|Any CPU
	EndGlobalSection
	GlobalSection(ProjectConfigurationPlatforms) = postSolution
		{B543FF18-1B85-4E6A-8F0B-0325380D4812}.Debug|Any CPU.ActiveCfg = Debug|Any CPU
		{B543FF18-1B85-4E6A-8F0B-0325380D4812}.Debug|Any CPU.Build.0 = Debug|Any CPU
		{B543FF18-1B85-4E6A-8F0B-0325380D4812}.Release|Any CPU.ActiveCfg = Release|Any CPU
		{B543FF18-1B85-4E6A-8F0B-0325380D4812}.Release|Any CPU.Build.0 = Release|Any CPU
	EndGlobalSection
	GlobalSection(SolutionProperties) = preSolution
		HideSolutionNode = FALSE
	EndGlobalSection
	GlobalSection(ExtensibilityGlobals) = postSolution
		SolutionGuid = {572574E1-84D7-4459-924D-C0D7A3608589}
	EndGlobalSection
EndGlobal
