
Microsoft Visual Studio Solution File, Format Version 12.00
# Visual Studio Version 17
VisualStudioVersion = 17.11.35222.181
MinimumVisualStudioVersion = 10.0.40219.1
Project("{FAE04EC0-301F-11D3-BF4B-00C04F79EFBC}") = "Proc_Pozdrav", "Proc_Pozdrav\Proc_Pozdrav.csproj", "{79CE3139-CB0E-4B3B-8866-A2D7FCAFBD6D}"
EndProject
Global
	GlobalSection(SolutionConfigurationPlatforms) = preSolution
		Debug|Any CPU = Debug|Any CPU
		Release|Any CPU = Release|Any CPU
	EndGlobalSection
	GlobalSection(ProjectConfigurationPlatforms) = postSolution
		{79CE3139-CB0E-4B3B-8866-A2D7FCAFBD6D}.Debug|Any CPU.ActiveCfg = Debug|Any CPU
		{79CE3139-CB0E-4B3B-8866-A2D7FCAFBD6D}.Debug|Any CPU.Build.0 = Debug|Any CPU
		{79CE3139-CB0E-4B3B-8866-A2D7FCAFBD6D}.Release|Any CPU.ActiveCfg = Release|Any CPU
		{79CE3139-CB0E-4B3B-8866-A2D7FCAFBD6D}.Release|Any CPU.Build.0 = Release|Any CPU
	EndGlobalSection
	GlobalSection(SolutionProperties) = preSolution
		HideSolutionNode = FALSE
	EndGlobalSection
	GlobalSection(ExtensibilityGlobals) = postSolution
		SolutionGuid = {F99239D8-DB1E-468B-9013-6B9F325A1D17}
	EndGlobalSection
EndGlobal
