
Microsoft Visual Studio Solution File, Format Version 12.00
# Visual Studio Version 17
VisualStudioVersion = 17.11.35222.181
MinimumVisualStudioVersion = 10.0.40219.1
Project("{FAE04EC0-301F-11D3-BF4B-00C04F79EFBC}") = "Ceasarova_sifra", "Ceasarova_sifra\Ceasarova_sifra.csproj", "{5544ACE2-2C8B-409F-9831-B4C617A16ED2}"
EndProject
Global
	GlobalSection(SolutionConfigurationPlatforms) = preSolution
		Debug|Any CPU = Debug|Any CPU
		Release|Any CPU = Release|Any CPU
	EndGlobalSection
	GlobalSection(ProjectConfigurationPlatforms) = postSolution
		{5544ACE2-2C8B-409F-9831-B4C617A16ED2}.Debug|Any CPU.ActiveCfg = Debug|Any CPU
		{5544ACE2-2C8B-409F-9831-B4C617A16ED2}.Debug|Any CPU.Build.0 = Debug|Any CPU
		{5544ACE2-2C8B-409F-9831-B4C617A16ED2}.Release|Any CPU.ActiveCfg = Release|Any CPU
		{5544ACE2-2C8B-409F-9831-B4C617A16ED2}.Release|Any CPU.Build.0 = Release|Any CPU
	EndGlobalSection
	GlobalSection(SolutionProperties) = preSolution
		HideSolutionNode = FALSE
	EndGlobalSection
	GlobalSection(ExtensibilityGlobals) = postSolution
		SolutionGuid = {1041741D-4C53-464F-A5C5-1BBF7674ACED}
	EndGlobalSection
EndGlobal
