
Microsoft Visual Studio Solution File, Format Version 12.00
# Visual Studio Version 17
VisualStudioVersion = 17.11.35222.181
MinimumVisualStudioVersion = 10.0.40219.1
Project("{FAE04EC0-301F-11D3-BF4B-00C04F79EFBC}") = "Proc_MalaNasobilka", "Proc_MalaNasobilka\Proc_MalaNasobilka.csproj", "{9869A371-1C1C-4813-B998-059A5EC90180}"
EndProject
Global
	GlobalSection(SolutionConfigurationPlatforms) = preSolution
		Debug|Any CPU = Debug|Any CPU
		Release|Any CPU = Release|Any CPU
	EndGlobalSection
	GlobalSection(ProjectConfigurationPlatforms) = postSolution
		{9869A371-1C1C-4813-B998-059A5EC90180}.Debug|Any CPU.ActiveCfg = Debug|Any CPU
		{9869A371-1C1C-4813-B998-059A5EC90180}.Debug|Any CPU.Build.0 = Debug|Any CPU
		{9869A371-1C1C-4813-B998-059A5EC90180}.Release|Any CPU.ActiveCfg = Release|Any CPU
		{9869A371-1C1C-4813-B998-059A5EC90180}.Release|Any CPU.Build.0 = Release|Any CPU
	EndGlobalSection
	GlobalSection(SolutionProperties) = preSolution
		HideSolutionNode = FALSE
	EndGlobalSection
	GlobalSection(ExtensibilityGlobals) = postSolution
		SolutionGuid = {7A9510B0-1840-47E7-8439-AAA4D4F6C5E2}
	EndGlobalSection
EndGlobal
